
Microsoft Visual Studio Solution File, Format Version 12.00
# Visual Studio Version 16
VisualStudioVersion = 25.0.1705.4
MinimumVisualStudioVersion = 10.0.40219.1
Project("{FAE04EC0-301F-11D3-BF4B-00C04F79EFBC}") = "ConditionalExercises", "ConditionalExercises\ConditionalExercises.csproj", "{A914E570-EC7B-419F-ACE5-4A5A44AF6F74}"
EndProject
Global
	GlobalSection(SolutionConfigurationPlatforms) = preSolution
		Debug|Any CPU = Debug|Any CPU
		Release|Any CPU = Release|Any CPU
	EndGlobalSection
	GlobalSection(ProjectConfigurationPlatforms) = postSolution
		{A914E570-EC7B-419F-ACE5-4A5A44AF6F74}.Debug|Any CPU.ActiveCfg = Debug|Any CPU
		{A914E570-EC7B-419F-ACE5-4A5A44AF6F74}.Debug|Any CPU.Build.0 = Debug|Any CPU
		{A914E570-EC7B-419F-ACE5-4A5A44AF6F74}.Release|Any CPU.ActiveCfg = Release|Any CPU
		{A914E570-EC7B-419F-ACE5-4A5A44AF6F74}.Release|Any CPU.Build.0 = Release|Any CPU
	EndGlobalSection
	GlobalSection(SolutionProperties) = preSolution
		HideSolutionNode = FALSE
	EndGlobalSection
	GlobalSection(ExtensibilityGlobals) = postSolution
		SolutionGuid = {EF6F758C-A95B-4FD0-A98E-2D24F0F8B14D}
	EndGlobalSection
EndGlobal
